// !$*UTF8*$!
{
	archiveVersion = 1;
	classes = {
	};
	objectVersion = 50;
	objects = {

/* Begin PBXBuildFile section */
		C221051526D181A7002305AF /* ProjetoPersistenciaApp.swift in Sources */ = {isa = PBXBuildFile; fileRef = C221051426D181A7002305AF /* ProjetoPersistenciaApp.swift */; };
		C221051726D181A7002305AF /* ContentView.swift in Sources */ = {isa = PBXBuildFile; fileRef = C221051626D181A7002305AF /* ContentView.swift */; };
		C221051926D181A9002305AF /* Assets.xcassets in Resources */ = {isa = PBXBuildFile; fileRef = C221051826D181A9002305AF /* Assets.xcassets */; };
		C221051C26D181A9002305AF /* Preview Assets.xcassets in Resources */ = {isa = PBXBuildFile; fileRef = C221051B26D181A9002305AF /* Preview Assets.xcassets */; };
		C221052626D181CD002305AF /* Model.xcdatamodeld in Sources */ = {isa = PBXBuildFile; fileRef = C221052426D181CD002305AF /* Model.xcdatamodeld */; };
		C221052926D18300002305AF /* Persistencia.swift in Sources */ = {isa = PBXBuildFile; fileRef = C221052826D18300002305AF /* Persistencia.swift */; };
/* End PBXBuildFile section */

/* Begin PBXFileReference section */
		C221051126D181A7002305AF /* ProjetoPersistencia.app */ = {isa = PBXFileReference; explicitFileType = wrapper.application; includeInIndex = 0; path = ProjetoPersistencia.app; sourceTree = BUILT_PRODUCTS_DIR; };
		C221051426D181A7002305AF /* ProjetoPersistenciaApp.swift */ = {isa = PBXFileReference; lastKnownFileType = sourcecode.swift; path = ProjetoPersistenciaApp.swift; sourceTree = "<group>"; };
		C221051626D181A7002305AF /* ContentView.swift */ = {isa = PBXFileReference; lastKnownFileType = sourcecode.swift; path = ContentView.swift; sourceTree = "<group>"; };
		C221051826D181A9002305AF /* Assets.xcassets */ = {isa = PBXFileReference; lastKnownFileType = folder.assetcatalog; path = Assets.xcassets; sourceTree = "<group>"; };
		C221051B26D181A9002305AF /* Preview Assets.xcassets */ = {isa = PBXFileReference; lastKnownFileType = folder.assetcatalog; path = "Preview Assets.xcassets"; sourceTree = "<group>"; };
		C221051D26D181A9002305AF /* Info.plist */ = {isa = PBXFileReference; lastKnownFileType = text.plist.xml; path = Info.plist; sourceTree = "<group>"; };
		C221052526D181CD002305AF /* Model.xcdatamodel */ = {isa = PBXFileReference; lastKnownFileType = wrapper.xcdatamodel; path = Model.xcdatamodel; sourceTree = "<group>"; };
		C221052826D18300002305AF /* Persistencia.swift */ = {isa = PBXFileReference; lastKnownFileType = sourcecode.swift; path = Persistencia.swift; sourceTree = "<group>"; };
/* End PBXFileReference section */

/* Begin PBXFrameworksBuildPhase section */
		C221050E26D181A7002305AF /* Frameworks */ = {
			isa = PBXFrameworksBuildPhase;
			buildActionMask = 2147483647;
			files = (
			);
			runOnlyForDeploymentPostprocessing = 0;
		};
/* End PBXFrameworksBuildPhase section */

/* Begin PBXGroup section */
		C221050826D181A7002305AF = {
			isa = PBXGroup;
			children = (
				C221051326D181A7002305AF /* ProjetoPersistencia */,
				C221051226D181A7002305AF /* Products */,
			);
			sourceTree = "<group>";
		};
		C221051226D181A7002305AF /* Products */ = {
			isa = PBXGroup;
			children = (
				C221051126D181A7002305AF /* ProjetoPersistencia.app */,
			);
			name = Products;
			sourceTree = "<group>";
		};
		C221051326D181A7002305AF /* ProjetoPersistencia */ = {
			isa = PBXGroup;
			children = (
				C221051426D181A7002305AF /* ProjetoPersistenciaApp.swift */,
				C221051626D181A7002305AF /* ContentView.swift */,
				C221051826D181A9002305AF /* Assets.xcassets */,
				C221051D26D181A9002305AF /* Info.plist */,
				C221051A26D181A9002305AF /* Preview Content */,
				C221052426D181CD002305AF /* Model.xcdatamodeld */,
				C221052826D18300002305AF /* Persistencia.swift */,
			);
			path = ProjetoPersistencia;
			sourceTree = "<group>";
		};
		C221051A26D181A9002305AF /* Preview Content */ = {
			isa = PBXGroup;
			children = (
				C221051B26D181A9002305AF /* Preview Assets.xcassets */,
			);
			path = "Preview Content";
			sourceTree = "<group>";
		};
/* End PBXGroup section */

/* Begin PBXNativeTarget section */
		C221051026D181A7002305AF /* ProjetoPersistencia */ = {
			isa = PBXNativeTarget;
			buildConfigurationList = C221052026D181A9002305AF /* Build configuration list for PBXNativeTarget "ProjetoPersistencia" */;
			buildPhases = (
				C221050D26D181A7002305AF /* Sources */,
				C221050E26D181A7002305AF /* Frameworks */,
				C221050F26D181A7002305AF /* Resources */,
			);
			buildRules = (
			);
			dependencies = (
			);
			name = ProjetoPersistencia;
			productName = ProjetoPersistencia;
			productReference = C221051126D181A7002305AF /* ProjetoPersistencia.app */;
			productType = "com.apple.product-type.application";
		};
/* End PBXNativeTarget section */

/* Begin PBXProject section */
		C221050926D181A7002305AF /* Project object */ = {
			isa = PBXProject;
			attributes = {
				LastSwiftUpdateCheck = 1220;
				LastUpgradeCheck = 1220;
				TargetAttributes = {
					C221051026D181A7002305AF = {
						CreatedOnToolsVersion = 12.2;
					};
				};
			};
			buildConfigurationList = C221050C26D181A7002305AF /* Build configuration list for PBXProject "ProjetoPersistencia" */;
			compatibilityVersion = "Xcode 9.3";
			developmentRegion = en;
			hasScannedForEncodings = 0;
			knownRegions = (
				en,
				Base,
			);
			mainGroup = C221050826D181A7002305AF;
			productRefGroup = C221051226D181A7002305AF /* Products */;
			projectDirPath = "";
			projectRoot = "";
			targets = (
				C221051026D181A7002305AF /* ProjetoPersistencia */,
			);
		};
/* End PBXProject section */

/* Begin PBXResourcesBuildPhase section */
		C221050F26D181A7002305AF /* Resources */ = {
			isa = PBXResourcesBuildPhase;
			buildActionMask = 2147483647;
			files = (
				C221051C26D181A9002305AF /* Preview Assets.xcassets in Resources */,
				C221051926D181A9002305AF /* Assets.xcassets in Resources */,
			);
			runOnlyForDeploymentPostprocessing = 0;
		};
/* End PBXResourcesBuildPhase section */

/* Begin PBXSourcesBuildPhase section */
		C221050D26D181A7002305AF /* Sources */ = {
			isa = PBXSourcesBuildPhase;
			buildActionMask = 2147483647;
			files = (
				C221051726D181A7002305AF /* ContentView.swift in Sources */,
				C221051526D181A7002305AF /* ProjetoPersistenciaApp.swift in Sources */,
				C221052626D181CD002305AF /* Model.xcdatamodeld in Sources */,
				C221052926D18300002305AF /* Persistencia.swift in Sources */,
			);
			runOnlyForDeploymentPostprocessing = 0;
		};
/* End PBXSourcesBuildPhase section */

/* Begin XCBuildConfiguration section */
		C221051E26D181A9002305AF /* Debug */ = {
			isa = XCBuildConfiguration;
			buildSettings = {
				ALWAYS_SEARCH_USER_PATHS = NO;
				CLANG_ANALYZER_NONNULL = YES;
				CLANG_ANALYZER_NUMBER_OBJECT_CONVERSION = YES_AGGRESSIVE;
				CLANG_CXX_LANGUAGE_STANDARD = "gnu++14";
				CLANG_CXX_LIBRARY = "libc++";
				CLANG_ENABLE_MODULES = YES;
				CLANG_ENABLE_OBJC_ARC = YES;
				CLANG_ENABLE_OBJC_WEAK = YES;
				CLANG_WARN_BLOCK_CAPTURE_AUTORELEASING = YES;
				CLANG_WARN_BOOL_CONVERSION = YES;
				CLANG_WARN_COMMA = YES;
				CLANG_WARN_CONSTANT_CONVERSION = YES;
				CLANG_WARN_DEPRECATED_OBJC_IMPLEMENTATIONS = YES;
				CLANG_WARN_DIRECT_OBJC_ISA_USAGE = YES_ERROR;
				CLANG_WARN_DOCUMENTATION_COMMENTS = YES;
				CLANG_WARN_EMPTY_BODY = YES;
				CLANG_WARN_ENUM_CONVERSION = YES;
				CLANG_WARN_INFINITE_RECURSION = YES;
				CLANG_WARN_INT_CONVERSION = YES;
				CLANG_WARN_NON_LITERAL_NULL_CONVERSION = YES;
				CLANG_WARN_OBJC_IMPLICIT_RETAIN_SELF = YES;
				CLANG_WARN_OBJC_LITERAL_CONVERSION = YES;
				CLANG_WARN_OBJC_ROOT_CLASS = YES_ERROR;
				CLANG_WARN_QUOTED_INCLUDE_IN_FRAMEWORK_HEADER = YES;
				CLANG_WARN_RANGE_LOOP_ANALYSIS = YES;
				CLANG_WARN_STRICT_PROTOTYPES = YES;
				CLANG_WARN_SUSPICIOUS_MOVE = YES;
				CLANG_WARN_UNGUARDED_AVAILABILITY = YES_AGGRESSIVE;
				CLANG_WARN_UNREACHABLE_CODE = YES;
				CLANG_WARN__DUPLICATE_METHOD_MATCH = YES;
				COPY_PHASE_STRIP = NO;
				DEBUG_INFORMATION_FORMAT = dwarf;
				ENABLE_STRICT_OBJC_MSGSEND = YES;
				ENABLE_TESTABILITY = YES;
				GCC_C_LANGUAGE_STANDARD = gnu11;
				GCC_DYNAMIC_NO_PIC = NO;
				GCC_NO_COMMON_BLOCKS = YES;
				GCC_OPTIMIZATION_LEVEL = 0;
				GCC_PREPROCESSOR_DEFINITIONS = (
					"DEBUG=1",
					"$(inherited)",
				);
				GCC_WARN_64_TO_32_BIT_CONVERSION = YES;
				GCC_WARN_ABOUT_RETURN_TYPE = YES_ERROR;
				GCC_WARN_UNDECLARED_SELECTOR = YES;
				GCC_WARN_UNINITIALIZED_AUTOS = YES_AGGRESSIVE;
				GCC_WARN_UNUSED_FUNCTION = YES;
				GCC_WARN_UNUSED_VARIABLE = YES;
				IPHONEOS_DEPLOYMENT_TARGET = 14.2;
				MTL_ENABLE_DEBUG_INFO = INCLUDE_SOURCE;
				MTL_FAST_MATH = YES;
				ONLY_ACTIVE_ARCH = YES;
				SDKROOT = iphoneos;
				SWIFT_ACTIVE_COMPILATION_CONDITIONS = DEBUG;
				SWIFT_OPTIMIZATION_LEVEL = "-Onone";
			};
			name = Debug;
		};
		C221051F26D181A9002305AF /* Release */ = {
			isa = XCBuildConfiguration;
			buildSettings = {
				ALWAYS_SEARCH_USER_PATHS = NO;
				CLANG_ANALYZER_NONNULL = YES;
				CLANG_ANALYZER_NUMBER_OBJECT_CONVERSION = YES_AGGRESSIVE;
				CLANG_CXX_LANGUAGE_STANDARD = "gnu++14";
				CLANG_CXX_LIBRARY = "libc++";
				CLANG_ENABLE_MODULES = YES;
				CLANG_ENABLE_OBJC_ARC = YES;
				CLANG_ENABLE_OBJC_WEAK = YES;
				CLANG_WARN_BLOCK_CAPTURE_AUTORELEASING = YES;
				CLANG_WARN_BOOL_CONVERSION = YES;
				CLANG_WARN_COMMA = YES;
				CLANG_WARN_CONSTANT_CONVERSION = YES;
				CLANG_WARN_DEPRECATED_OBJC_IMPLEMENTATIONS = YES;
				CLANG_WARN_DIRECT_OBJC_ISA_USAGE = YES_ERROR;
				CLANG_WARN_DOCUMENTATION_COMMENTS = YES;
				CLANG_WARN_EMPTY_BODY = YES;
				CLANG_WARN_ENUM_CONVERSION = YES;
				CLANG_WARN_INFINITE_RECURSION = YES;
				CLANG_WARN_INT_CONVERSION = YES;
				CLANG_WARN_NON_LITERAL_NULL_CONVERSION = YES;
				CLANG_WARN_OBJC_IMPLICIT_RETAIN_SELF = YES;
				CLANG_WARN_OBJC_LITERAL_CONVERSION = YES;
				CLANG_WARN_OBJC_ROOT_CLASS = YES_ERROR;
				CLANG_WARN_QUOTED_INCLUDE_IN_FRAMEWORK_HEADER = YES;
				CLANG_WARN_RANGE_LOOP_ANALYSIS = YES;
				CLANG_WARN_STRICT_PROTOTYPES = YES;
				CLANG_WARN_SUSPICIOUS_MOVE = YES;
				CLANG_WARN_UNGUARDED_AVAILABILITY = YES_AGGRESSIVE;
				CLANG_WARN_UNREACHABLE_CODE = YES;
				CLANG_WARN__DUPLICATE_METHOD_MATCH = YES;
				COPY_PHASE_STRIP = NO;
				DEBUG_INFORMATION_FORMAT = "dwarf-with-dsym";
				ENABLE_NS_ASSERTIONS = NO;
				ENABLE_STRICT_OBJC_MSGSEND = YES;
				GCC_C_LANGUAGE_STANDARD = gnu11;
				GCC_NO_COMMON_BLOCKS = YES;
				GCC_WARN_64_TO_32_BIT_CONVERSION = YES;
				GCC_WARN_ABOUT_RETURN_TYPE = YES_ERROR;
				GCC_WARN_UNDECLARED_SELECTOR = YES;
				GCC_WARN_UNINITIALIZED_AUTOS = YES_AGGRESSIVE;
				GCC_WARN_UNUSED_FUNCTION = YES;
				GCC_WARN_UNUSED_VARIABLE = YES;
				IPHONEOS_DEPLOYMENT_TARGET = 14.2;
				MTL_ENABLE_DEBUG_INFO = NO;
				MTL_FAST_MATH = YES;
				SDKROOT = iphoneos;
				SWIFT_COMPILATION_MODE = wholemodule;
				SWIFT_OPTIMIZATION_LEVEL = "-O";
				VALIDATE_PRODUCT = YES;
			};
			name = Release;
		};
		C221052126D181A9002305AF /* Debug */ = {
			isa = XCBuildConfiguration;
			buildSettings = {
				ASSETCATALOG_COMPILER_APPICON_NAME = AppIcon;
				ASSETCATALOG_COMPILER_GLOBAL_ACCENT_COLOR_NAME = AccentColor;
				CODE_SIGN_STYLE = Automatic;
				DEVELOPMENT_ASSET_PATHS = "\"ProjetoPersistencia/Preview Content\"";
				ENABLE_PREVIEWS = YES;
				INFOPLIST_FILE = ProjetoPersistencia/Info.plist;
				IPHONEOS_DEPLOYMENT_TARGET = 14.0;
				LD_RUNPATH_SEARCH_PATHS = (
					"$(inherited)",
					"@executable_path/Frameworks",
				);
				PRODUCT_BUNDLE_IDENTIFIER = br.com.rafael.ProjetoPersistencia;
				PRODUCT_NAME = "$(TARGET_NAME)";
				SWIFT_VERSION = 5.0;
				TARGETED_DEVICE_FAMILY = "1,2";
			};
			name = Debug;
		};
		C221052226D181A9002305AF /* Release */ = {
			isa = XCBuildConfiguration;
			buildSettings = {
				ASSETCATALOG_COMPILER_APPICON_NAME = AppIcon;
				ASSETCATALOG_COMPILER_GLOBAL_ACCENT_COLOR_NAME = AccentColor;
				CODE_SIGN_STYLE = Automatic;
				DEVELOPMENT_ASSET_PATHS = "\"ProjetoPersistencia/Preview Content\"";
				ENABLE_PREVIEWS = YES;
				INFOPLIST_FILE = ProjetoPersistencia/Info.plist;
				IPHONEOS_DEPLOYMENT_TARGET = 14.0;
				LD_RUNPATH_SEARCH_PATHS = (
					"$(inherited)",
					"@executable_path/Frameworks",
				);
				PRODUCT_BUNDLE_IDENTIFIER = br.com.rafael.ProjetoPersistencia;
				PRODUCT_NAME = "$(TARGET_NAME)";
				SWIFT_VERSION = 5.0;
				TARGETED_DEVICE_FAMILY = "1,2";
			};
			name = Release;
		};
/* End XCBuildConfiguration section */

/* Begin XCConfigurationList section */
		C221050C26D181A7002305AF /* Build configuration list for PBXProject "ProjetoPersistencia" */ = {
			isa = XCConfigurationList;
			buildConfigurations = (
				C221051E26D181A9002305AF /* Debug */,
				C221051F26D181A9002305AF /* Release */,
			);
			defaultConfigurationIsVisible = 0;
			defaultConfigurationName = Release;
		};
		C221052026D181A9002305AF /* Build configuration list for PBXNativeTarget "ProjetoPersistencia" */ = {
			isa = XCConfigurationList;
			buildConfigurations = (
				C221052126D181A9002305AF /* Debug */,
				C221052226D181A9002305AF /* Release */,
			);
			defaultConfigurationIsVisible = 0;
			defaultConfigurationName = Release;
		};
/* End XCConfigurationList section */

/* Begin XCVersionGroup section */
		C221052426D181CD002305AF /* Model.xcdatamodeld */ = {
			isa = XCVersionGroup;
			children = (
				C221052526D181CD002305AF /* Model.xcdatamodel */,
			);
			currentVersion = C221052526D181CD002305AF /* Model.xcdatamodel */;
			path = Model.xcdatamodeld;
			sourceTree = "<group>";
			versionGroupType = wrapper.xcdatamodel;
		};
/* End XCVersionGroup section */
	};
	rootObject = C221050926D181A7002305AF /* Project object */;
}
